
Microsoft Visual Studio Solution File, Format Version 12.00
# Visual Studio Version 16
VisualStudioVersion = 16.0.29613.14
MinimumVisualStudioVersion = 10.0.40219.1
Project("{FAE04EC0-301F-11D3-BF4B-00C04F79EFBC}") = "Examen2020", "Examen2020\Examen2020.csproj", "{4C7C2FC0-6CB1-45B9-A64E-62D57A9C8CB1}"
EndProject
Global
	GlobalSection(SolutionConfigurationPlatforms) = preSolution
		Debug|Any CPU = Debug|Any CPU
		Release|Any CPU = Release|Any CPU
	EndGlobalSection
	GlobalSection(ProjectConfigurationPlatforms) = postSolution
		{4C7C2FC0-6CB1-45B9-A64E-62D57A9C8CB1}.Debug|Any CPU.ActiveCfg = Debug|Any CPU
		{4C7C2FC0-6CB1-45B9-A64E-62D57A9C8CB1}.Debug|Any CPU.Build.0 = Debug|Any CPU
		{4C7C2FC0-6CB1-45B9-A64E-62D57A9C8CB1}.Release|Any CPU.ActiveCfg = Release|Any CPU
		{4C7C2FC0-6CB1-45B9-A64E-62D57A9C8CB1}.Release|Any CPU.Build.0 = Release|Any CPU
	EndGlobalSection
	GlobalSection(SolutionProperties) = preSolution
		HideSolutionNode = FALSE
	EndGlobalSection
	GlobalSection(ExtensibilityGlobals) = postSolution
		SolutionGuid = {FE71F371-7B34-4297-95DC-73E193F74AB3}
	EndGlobalSection
EndGlobal
